// !$*UTF8*$!
{
	archiveVersion = 1;
	classes = {
	};
	objectVersion = 56;
	objects = {

/* Begin PBXBuildFile section */
		DF3861C32A4470CB004951AA /* BooksVisualizedApp.swift in Sources */ = {isa = PBXBuildFile; fileRef = DF3861C22A4470CB004951AA /* BooksVisualizedApp.swift */; };
		DF3861C52A4470CB004951AA /* ContentView.swift in Sources */ = {isa = PBXBuildFile; fileRef = DF3861C42A4470CB004951AA /* ContentView.swift */; };
		DF3861C92A4470CC004951AA /* Assets.xcassets in Resources */ = {isa = PBXBuildFile; fileRef = DF3861C82A4470CC004951AA /* Assets.xcassets */; };
		DF3861CC2A4470CC004951AA /* Preview Assets.xcassets in Resources */ = {isa = PBXBuildFile; fileRef = DF3861CB2A4470CC004951AA /* Preview Assets.xcassets */; };
		DF3861D32A447105004951AA /* Model.swift in Sources */ = {isa = PBXBuildFile; fileRef = DF3861D22A447105004951AA /* Model.swift */; };
		DF3861D72A447161004951AA /* ViewModel.swift in Sources */ = {isa = PBXBuildFile; fileRef = DF3861D62A447161004951AA /* ViewModel.swift */; };
		DF598A7A2A45011A00769B30 /* MainView.swift in Sources */ = {isa = PBXBuildFile; fileRef = DF598A792A45011A00769B30 /* MainView.swift */; };
		DF598A7E2A45018B00769B30 /* HiddenValues.swift in Sources */ = {isa = PBXBuildFile; fileRef = DF598A7D2A45018B00769B30 /* HiddenValues.swift */; };
		DF5AE77B2A447D76001DCDE0 /* BookRowView.swift in Sources */ = {isa = PBXBuildFile; fileRef = DF5AE77A2A447D76001DCDE0 /* BookRowView.swift */; };
		DF5AE77E2A448422001DCDE0 /* BookDetailedView.swift in Sources */ = {isa = PBXBuildFile; fileRef = DF5AE77D2A448422001DCDE0 /* BookDetailedView.swift */; };
/* End PBXBuildFile section */

/* Begin PBXFileReference section */
		DF3861BB2A4470CB004951AA /* BooksVisualized.app */ = {isa = PBXFileReference; explicitFileType = wrapper.application; includeInIndex = 0; path = BooksVisualized.app; sourceTree = BUILT_PRODUCTS_DIR; };
		DF3861C22A4470CB004951AA /* BooksVisualizedApp.swift */ = {isa = PBXFileReference; lastKnownFileType = sourcecode.swift; path = BooksVisualizedApp.swift; sourceTree = "<group>"; };
		DF3861C42A4470CB004951AA /* ContentView.swift */ = {isa = PBXFileReference; lastKnownFileType = sourcecode.swift; path = ContentView.swift; sourceTree = "<group>"; };
		DF3861C82A4470CC004951AA /* Assets.xcassets */ = {isa = PBXFileReference; lastKnownFileType = folder.assetcatalog; path = Assets.xcassets; sourceTree = "<group>"; };
		DF3861CB2A4470CC004951AA /* Preview Assets.xcassets */ = {isa = PBXFileReference; lastKnownFileType = folder.assetcatalog; path = "Preview Assets.xcassets"; sourceTree = "<group>"; };
		DF3861D22A447105004951AA /* Model.swift */ = {isa = PBXFileReference; lastKnownFileType = sourcecode.swift; path = Model.swift; sourceTree = "<group>"; };
		DF3861D62A447161004951AA /* ViewModel.swift */ = {isa = PBXFileReference; lastKnownFileType = sourcecode.swift; path = ViewModel.swift; sourceTree = "<group>"; };
		DF598A792A45011A00769B30 /* MainView.swift */ = {isa = PBXFileReference; lastKnownFileType = sourcecode.swift; path = MainView.swift; sourceTree = "<group>"; };
		DF598A7D2A45018B00769B30 /* HiddenValues.swift */ = {isa = PBXFileReference; lastKnownFileType = sourcecode.swift; path = HiddenValues.swift; sourceTree = "<group>"; };
		DF5AE77A2A447D76001DCDE0 /* BookRowView.swift */ = {isa = PBXFileReference; lastKnownFileType = sourcecode.swift; path = BookRowView.swift; sourceTree = "<group>"; };
		DF5AE77C2A4482F6001DCDE0 /* Info.plist */ = {isa = PBXFileReference; lastKnownFileType = text.plist; path = Info.plist; sourceTree = "<group>"; };
		DF5AE77D2A448422001DCDE0 /* BookDetailedView.swift */ = {isa = PBXFileReference; lastKnownFileType = sourcecode.swift; path = BookDetailedView.swift; sourceTree = "<group>"; };
/* End PBXFileReference section */

/* Begin PBXFrameworksBuildPhase section */
		DF3861B82A4470CB004951AA /* Frameworks */ = {
			isa = PBXFrameworksBuildPhase;
			buildActionMask = 2147483647;
			files = (
			);
			runOnlyForDeploymentPostprocessing = 0;
		};
/* End PBXFrameworksBuildPhase section */

/* Begin PBXGroup section */
		DF3861B22A4470CB004951AA = {
			isa = PBXGroup;
			children = (
				DF3861BD2A4470CB004951AA /* BooksVisualized */,
				DF3861BC2A4470CB004951AA /* Products */,
			);
			sourceTree = "<group>";
		};
		DF3861BC2A4470CB004951AA /* Products */ = {
			isa = PBXGroup;
			children = (
				DF3861BB2A4470CB004951AA /* BooksVisualized.app */,
			);
			name = Products;
			sourceTree = "<group>";
		};
		DF3861BD2A4470CB004951AA /* BooksVisualized */ = {
			isa = PBXGroup;
			children = (
				DF5AE77C2A4482F6001DCDE0 /* Info.plist */,
				DF3861C22A4470CB004951AA /* BooksVisualizedApp.swift */,
				DF598A792A45011A00769B30 /* MainView.swift */,
				DF3861C42A4470CB004951AA /* ContentView.swift */,
				DF5AE77D2A448422001DCDE0 /* BookDetailedView.swift */,
				DF5AE77A2A447D76001DCDE0 /* BookRowView.swift */,
				DF3861D62A447161004951AA /* ViewModel.swift */,
				DF3861D22A447105004951AA /* Model.swift */,
				DF598A7D2A45018B00769B30 /* HiddenValues.swift */,
				DF3861C82A4470CC004951AA /* Assets.xcassets */,
				DF3861CA2A4470CC004951AA /* Preview Content */,
			);
			path = BooksVisualized;
			sourceTree = "<group>";
		};
		DF3861CA2A4470CC004951AA /* Preview Content */ = {
			isa = PBXGroup;
			children = (
				DF3861CB2A4470CC004951AA /* Preview Assets.xcassets */,
			);
			path = "Preview Content";
			sourceTree = "<group>";
		};
/* End PBXGroup section */

/* Begin PBXNativeTarget section */
		DF3861BA2A4470CB004951AA /* BooksVisualized */ = {
			isa = PBXNativeTarget;
			buildConfigurationList = DF3861CF2A4470CC004951AA /* Build configuration list for PBXNativeTarget "BooksVisualized" */;
			buildPhases = (
				DF3861B72A4470CB004951AA /* Sources */,
				DF3861B82A4470CB004951AA /* Frameworks */,
				DF3861B92A4470CB004951AA /* Resources */,
			);
			buildRules = (
			);
			dependencies = (
			);
			name = BooksVisualized;
			packageProductDependencies = (
			);
			productName = BooksVisualized;
			productReference = DF3861BB2A4470CB004951AA /* BooksVisualized.app */;
			productType = "com.apple.product-type.application";
		};
/* End PBXNativeTarget section */

/* Begin PBXProject section */
		DF3861B32A4470CB004951AA /* Project object */ = {
			isa = PBXProject;
			attributes = {
				BuildIndependentTargetsInParallel = 1;
				LastSwiftUpdateCheck = 1500;
				LastUpgradeCheck = 1500;
				TargetAttributes = {
					DF3861BA2A4470CB004951AA = {
						CreatedOnToolsVersion = 15.0;
					};
				};
			};
			buildConfigurationList = DF3861B62A4470CB004951AA /* Build configuration list for PBXProject "BooksVisualized" */;
			compatibilityVersion = "Xcode 14.0";
			developmentRegion = en;
			hasScannedForEncodings = 0;
			knownRegions = (
				en,
				Base,
			);
			mainGroup = DF3861B22A4470CB004951AA;
			productRefGroup = DF3861BC2A4470CB004951AA /* Products */;
			projectDirPath = "";
			projectRoot = "";
			targets = (
				DF3861BA2A4470CB004951AA /* BooksVisualized */,
			);
		};
/* End PBXProject section */

/* Begin PBXResourcesBuildPhase section */
		DF3861B92A4470CB004951AA /* Resources */ = {
			isa = PBXResourcesBuildPhase;
			buildActionMask = 2147483647;
			files = (
				DF3861CC2A4470CC004951AA /* Preview Assets.xcassets in Resources */,
				DF3861C92A4470CC004951AA /* Assets.xcassets in Resources */,
			);
			runOnlyForDeploymentPostprocessing = 0;
		};
/* End PBXResourcesBuildPhase section */

/* Begin PBXSourcesBuildPhase section */
		DF3861B72A4470CB004951AA /* Sources */ = {
			isa = PBXSourcesBuildPhase;
			buildActionMask = 2147483647;
			files = (
				DF598A7E2A45018B00769B30 /* HiddenValues.swift in Sources */,
				DF3861D32A447105004951AA /* Model.swift in Sources */,
				DF598A7A2A45011A00769B30 /* MainView.swift in Sources */,
				DF5AE77B2A447D76001DCDE0 /* BookRowView.swift in Sources */,
				DF3861C52A4470CB004951AA /* ContentView.swift in Sources */,
				DF3861D72A447161004951AA /* ViewModel.swift in Sources */,
				DF3861C32A4470CB004951AA /* BooksVisualizedApp.swift in Sources */,
				DF5AE77E2A448422001DCDE0 /* BookDetailedView.swift in Sources */,
			);
			runOnlyForDeploymentPostprocessing = 0;
		};
/* End PBXSourcesBuildPhase section */

/* Begin XCBuildConfiguration section */
		DF3861CD2A4470CC004951AA /* Debug */ = {
			isa = XCBuildConfiguration;
			buildSettings = {
				ALWAYS_SEARCH_USER_PATHS = NO;
				ASSETCATALOG_COMPILER_GENERATE_SWIFT_ASSET_SYMBOL_EXTENSIONS = YES;
				CLANG_ANALYZER_NONNULL = YES;
				CLANG_ANALYZER_NUMBER_OBJECT_CONVERSION = YES_AGGRESSIVE;
				CLANG_CXX_LANGUAGE_STANDARD = "gnu++20";
				CLANG_ENABLE_MODULES = YES;
				CLANG_ENABLE_OBJC_ARC = YES;
				CLANG_ENABLE_OBJC_WEAK = YES;
				CLANG_WARN_BLOCK_CAPTURE_AUTORELEASING = YES;
				CLANG_WARN_BOOL_CONVERSION = YES;
				CLANG_WARN_COMMA = YES;
				CLANG_WARN_CONSTANT_CONVERSION = YES;
				CLANG_WARN_DEPRECATED_OBJC_IMPLEMENTATIONS = YES;
				CLANG_WARN_DIRECT_OBJC_ISA_USAGE = YES_ERROR;
				CLANG_WARN_DOCUMENTATION_COMMENTS = YES;
				CLANG_WARN_EMPTY_BODY = YES;
				CLANG_WARN_ENUM_CONVERSION = YES;
				CLANG_WARN_INFINITE_RECURSION = YES;
				CLANG_WARN_INT_CONVERSION = YES;
				CLANG_WARN_NON_LITERAL_NULL_CONVERSION = YES;
				CLANG_WARN_OBJC_IMPLICIT_RETAIN_SELF = YES;
				CLANG_WARN_OBJC_LITERAL_CONVERSION = YES;
				CLANG_WARN_OBJC_ROOT_CLASS = YES_ERROR;
				CLANG_WARN_QUOTED_INCLUDE_IN_FRAMEWORK_HEADER = YES;
				CLANG_WARN_RANGE_LOOP_ANALYSIS = YES;
				CLANG_WARN_STRICT_PROTOTYPES = YES;
				CLANG_WARN_SUSPICIOUS_MOVE = YES;
				CLANG_WARN_UNGUARDED_AVAILABILITY = YES_AGGRESSIVE;
				CLANG_WARN_UNREACHABLE_CODE = YES;
				CLANG_WARN__DUPLICATE_METHOD_MATCH = YES;
				COPY_PHASE_STRIP = NO;
				DEBUG_INFORMATION_FORMAT = dwarf;
				ENABLE_STRICT_OBJC_MSGSEND = YES;
				ENABLE_TESTABILITY = YES;
				ENABLE_USER_SCRIPT_SANDBOXING = YES;
				GCC_C_LANGUAGE_STANDARD = gnu17;
				GCC_DYNAMIC_NO_PIC = NO;
				GCC_NO_COMMON_BLOCKS = YES;
				GCC_OPTIMIZATION_LEVEL = 0;
				GCC_PREPROCESSOR_DEFINITIONS = (
					"DEBUG=1",
					"$(inherited)",
				);
				GCC_WARN_64_TO_32_BIT_CONVERSION = YES;
				GCC_WARN_ABOUT_RETURN_TYPE = YES_ERROR;
				GCC_WARN_UNDECLARED_SELECTOR = YES;
				GCC_WARN_UNINITIALIZED_AUTOS = YES_AGGRESSIVE;
				GCC_WARN_UNUSED_FUNCTION = YES;
				GCC_WARN_UNUSED_VARIABLE = YES;
				LOCALIZATION_PREFERS_STRING_CATALOGS = YES;
				MTL_ENABLE_DEBUG_INFO = INCLUDE_SOURCE;
				MTL_FAST_MATH = YES;
				ONLY_ACTIVE_ARCH = YES;
				SDKROOT = xros;
				SWIFT_ACTIVE_COMPILATION_CONDITIONS = "DEBUG $(inherited)";
				SWIFT_OPTIMIZATION_LEVEL = "-Onone";
				XROS_DEPLOYMENT_TARGET = 1.0;
			};
			name = Debug;
		};
		DF3861CE2A4470CC004951AA /* Release */ = {
			isa = XCBuildConfiguration;
			buildSettings = {
				ALWAYS_SEARCH_USER_PATHS = NO;
				ASSETCATALOG_COMPILER_GENERATE_SWIFT_ASSET_SYMBOL_EXTENSIONS = YES;
				CLANG_ANALYZER_NONNULL = YES;
				CLANG_ANALYZER_NUMBER_OBJECT_CONVERSION = YES_AGGRESSIVE;
				CLANG_CXX_LANGUAGE_STANDARD = "gnu++20";
				CLANG_ENABLE_MODULES = YES;
				CLANG_ENABLE_OBJC_ARC = YES;
				CLANG_ENABLE_OBJC_WEAK = YES;
				CLANG_WARN_BLOCK_CAPTURE_AUTORELEASING = YES;
				CLANG_WARN_BOOL_CONVERSION = YES;
				CLANG_WARN_COMMA = YES;
				CLANG_WARN_CONSTANT_CONVERSION = YES;
				CLANG_WARN_DEPRECATED_OBJC_IMPLEMENTATIONS = YES;
				CLANG_WARN_DIRECT_OBJC_ISA_USAGE = YES_ERROR;
				CLANG_WARN_DOCUMENTATION_COMMENTS = YES;
				CLANG_WARN_EMPTY_BODY = YES;
				CLANG_WARN_ENUM_CONVERSION = YES;
				CLANG_WARN_INFINITE_RECURSION = YES;
				CLANG_WARN_INT_CONVERSION = YES;
				CLANG_WARN_NON_LITERAL_NULL_CONVERSION = YES;
				CLANG_WARN_OBJC_IMPLICIT_RETAIN_SELF = YES;
				CLANG_WARN_OBJC_LITERAL_CONVERSION = YES;
				CLANG_WARN_OBJC_ROOT_CLASS = YES_ERROR;
				CLANG_WARN_QUOTED_INCLUDE_IN_FRAMEWORK_HEADER = YES;
				CLANG_WARN_RANGE_LOOP_ANALYSIS = YES;
				CLANG_WARN_STRICT_PROTOTYPES = YES;
				CLANG_WARN_SUSPICIOUS_MOVE = YES;
				CLANG_WARN_UNGUARDED_AVAILABILITY = YES_AGGRESSIVE;
				CLANG_WARN_UNREACHABLE_CODE = YES;
				CLANG_WARN__DUPLICATE_METHOD_MATCH = YES;
				COPY_PHASE_STRIP = NO;
				DEBUG_INFORMATION_FORMAT = "dwarf-with-dsym";
				ENABLE_NS_ASSERTIONS = NO;
				ENABLE_STRICT_OBJC_MSGSEND = YES;
				ENABLE_USER_SCRIPT_SANDBOXING = YES;
				GCC_C_LANGUAGE_STANDARD = gnu17;
				GCC_NO_COMMON_BLOCKS = YES;
				GCC_WARN_64_TO_32_BIT_CONVERSION = YES;
				GCC_WARN_ABOUT_RETURN_TYPE = YES_ERROR;
				GCC_WARN_UNDECLARED_SELECTOR = YES;
				GCC_WARN_UNINITIALIZED_AUTOS = YES_AGGRESSIVE;
				GCC_WARN_UNUSED_FUNCTION = YES;
				GCC_WARN_UNUSED_VARIABLE = YES;
				LOCALIZATION_PREFERS_STRING_CATALOGS = YES;
				MTL_ENABLE_DEBUG_INFO = NO;
				MTL_FAST_MATH = YES;
				SDKROOT = xros;
				SWIFT_COMPILATION_MODE = wholemodule;
				VALIDATE_PRODUCT = YES;
				XROS_DEPLOYMENT_TARGET = 1.0;
			};
			name = Release;
		};
		DF3861D02A4470CC004951AA /* Debug */ = {
			isa = XCBuildConfiguration;
			buildSettings = {
				ASSETCATALOG_COMPILER_APPICON_NAME = AppIcon;
				ASSETCATALOG_COMPILER_GLOBAL_ACCENT_COLOR_NAME = AccentColor;
				CODE_SIGN_STYLE = Automatic;
				CURRENT_PROJECT_VERSION = 1;
				DEVELOPMENT_ASSET_PATHS = "\"BooksVisualized/Preview Content\"";
				DEVELOPMENT_TEAM = XZ3K8YX7LC;
				ENABLE_PREVIEWS = YES;
				GENERATE_INFOPLIST_FILE = YES;
				INFOPLIST_FILE = BooksVisualized/Info.plist;
				INFOPLIST_KEY_UIApplicationSceneManifest_Generation = YES;
				LD_RUNPATH_SEARCH_PATHS = (
					"$(inherited)",
					"@executable_path/Frameworks",
				);
				MARKETING_VERSION = 1.0;
				PRODUCT_BUNDLE_IDENTIFIER = com.castilla.BooksVisualized;
				PRODUCT_NAME = "$(TARGET_NAME)";
				SUPPORTED_PLATFORMS = "xros xrsimulator";
				SWIFT_EMIT_LOC_STRINGS = YES;
				SWIFT_VERSION = 5.0;
				TARGETED_DEVICE_FAMILY = "1,2,7";
			};
			name = Debug;
		};
		DF3861D12A4470CC004951AA /* Release */ = {
			isa = XCBuildConfiguration;
			buildSettings = {
				ASSETCATALOG_COMPILER_APPICON_NAME = AppIcon;
				ASSETCATALOG_COMPILER_GLOBAL_ACCENT_COLOR_NAME = AccentColor;
				CODE_SIGN_STYLE = Automatic;
				CURRENT_PROJECT_VERSION = 1;
				DEVELOPMENT_ASSET_PATHS = "\"BooksVisualized/Preview Content\"";
				DEVELOPMENT_TEAM = XZ3K8YX7LC;
				ENABLE_PREVIEWS = YES;
				GENERATE_INFOPLIST_FILE = YES;
				INFOPLIST_FILE = BooksVisualized/Info.plist;
				INFOPLIST_KEY_UIApplicationSceneManifest_Generation = YES;
				LD_RUNPATH_SEARCH_PATHS = (
					"$(inherited)",
					"@executable_path/Frameworks",
				);
				MARKETING_VERSION = 1.0;
				PRODUCT_BUNDLE_IDENTIFIER = com.castilla.BooksVisualized;
				PRODUCT_NAME = "$(TARGET_NAME)";
				SUPPORTED_PLATFORMS = "xros xrsimulator";
				SWIFT_EMIT_LOC_STRINGS = YES;
				SWIFT_VERSION = 5.0;
				TARGETED_DEVICE_FAMILY = "1,2,7";
			};
			name = Release;
		};
/* End XCBuildConfiguration section */

/* Begin XCConfigurationList section */
		DF3861B62A4470CB004951AA /* Build configuration list for PBXProject "BooksVisualized" */ = {
			isa = XCConfigurationList;
			buildConfigurations = (
				DF3861CD2A4470CC004951AA /* Debug */,
				DF3861CE2A4470CC004951AA /* Release */,
			);
			defaultConfigurationIsVisible = 0;
			defaultConfigurationName = Release;
		};
		DF3861CF2A4470CC004951AA /* Build configuration list for PBXNativeTarget "BooksVisualized" */ = {
			isa = XCConfigurationList;
			buildConfigurations = (
				DF3861D02A4470CC004951AA /* Debug */,
				DF3861D12A4470CC004951AA /* Release */,
			);
			defaultConfigurationIsVisible = 0;
			defaultConfigurationName = Release;
		};
/* End XCConfigurationList section */
	};
	rootObject = DF3861B32A4470CB004951AA /* Project object */;
}
